
Microsoft Visual Studio Solution File, Format Version 12.00
# Visual Studio Version 17
VisualStudioVersion = 17.13.35931.197
MinimumVisualStudioVersion = 10.0.40219.1
Project("{FAE04EC0-301F-11D3-BF4B-00C04F79EFBC}") = "CsInstall", "CsInstall\CsInstall.csproj", "{A7283800-836A-40E6-A80C-EB0F1841D526}"
EndProject
Global
	GlobalSection(SolutionConfigurationPlatforms) = preSolution
		Debug|Any CPU = Debug|Any CPU
		Release|Any CPU = Release|Any CPU
	EndGlobalSection
	GlobalSection(ProjectConfigurationPlatforms) = postSolution
		{A7283800-836A-40E6-A80C-EB0F1841D526}.Debug|Any CPU.ActiveCfg = Debug|Any CPU
		{A7283800-836A-40E6-A80C-EB0F1841D526}.Debug|Any CPU.Build.0 = Debug|Any CPU
		{A7283800-836A-40E6-A80C-EB0F1841D526}.Release|Any CPU.ActiveCfg = Release|Any CPU
		{A7283800-836A-40E6-A80C-EB0F1841D526}.Release|Any CPU.Build.0 = Release|Any CPU
	EndGlobalSection
	GlobalSection(SolutionProperties) = preSolution
		HideSolutionNode = FALSE
	EndGlobalSection
	GlobalSection(ExtensibilityGlobals) = postSolution
		SolutionGuid = {491E1EE0-89C9-4C90-B51C-2D16B15C6CC9}
	EndGlobalSection
EndGlobal
